<Solution>
  <Folder Name="/common/">
    <File Path=".editorconfig" />
    <File Path="backlog.md" />
    <File Path="Directory.Build.props" />
    <File Path="README.md" />
  </Folder>
  <Folder Name="/src/">
    <Project Path="src/Ws.Client.ConsoleApp/Ws.Client.ConsoleApp.csproj" Id="92276258-af83-40d0-b235-4d93abb00e6d" />
    <Project Path="src/Ws.Server.Host/Ws.Server.Host.csproj" Id="ad217652-bafa-40be-acf0-7f91ea766a5e" />
  </Folder>
  <Folder Name="/tests/" />
</Solution>
